// !$*UTF8*$!
{
	archiveVersion = 1;
	classes = {
	};
	objectVersion = 46;
	objects = {

/* Begin PBXBuildFile section */
		6860F5E79C62ABB76D9549E3 /* libPods-IliaIsupovTest.a in Frameworks */ = {isa = PBXBuildFile; fileRef = 322A01415E8E78A8B32ADE72 /* libPods-IliaIsupovTest.a */; };
		BA6BB4E21AEFB77D002B6530 /* main.m in Sources */ = {isa = PBXBuildFile; fileRef = BA6BB4E11AEFB77D002B6530 /* main.m */; };
		BA6BB4E51AEFB77D002B6530 /* AppDelegate.m in Sources */ = {isa = PBXBuildFile; fileRef = BA6BB4E41AEFB77D002B6530 /* AppDelegate.m */; };
		BA6BB4EB1AEFB77D002B6530 /* Main.storyboard in Resources */ = {isa = PBXBuildFile; fileRef = BA6BB4E91AEFB77D002B6530 /* Main.storyboard */; };
		BA6BB4ED1AEFB77D002B6530 /* Images.xcassets in Resources */ = {isa = PBXBuildFile; fileRef = BA6BB4EC1AEFB77D002B6530 /* Images.xcassets */; };
		BA6BB4F01AEFB77D002B6530 /* LaunchScreen.xib in Resources */ = {isa = PBXBuildFile; fileRef = BA6BB4EE1AEFB77D002B6530 /* LaunchScreen.xib */; };
		BA6BB4FC1AEFB77E002B6530 /* IliaIsupovTestTests.m in Sources */ = {isa = PBXBuildFile; fileRef = BA6BB4FB1AEFB77E002B6530 /* IliaIsupovTestTests.m */; };
		BA6BB50A1AEFD125002B6530 /* MainViewController.m in Sources */ = {isa = PBXBuildFile; fileRef = BA6BB5091AEFD125002B6530 /* MainViewController.m */; };
		BA6BB50E1AEFD4C6002B6530 /* ChatDataModel.xcdatamodeld in Sources */ = {isa = PBXBuildFile; fileRef = BA6BB50C1AEFD4C6002B6530 /* ChatDataModel.xcdatamodeld */; };
		BA6BB51C1AEFDDAB002B6530 /* User.m in Sources */ = {isa = PBXBuildFile; fileRef = BA6BB51A1AEFDDAB002B6530 /* User.m */; };
		BA6BB5201AEFE33A002B6530 /* Conversation.m in Sources */ = {isa = PBXBuildFile; fileRef = BA6BB51F1AEFE33A002B6530 /* Conversation.m */; };
		BA6BB5311AF0E125002B6530 /* MessageData.m in Sources */ = {isa = PBXBuildFile; fileRef = BA6BB52D1AF0E125002B6530 /* MessageData.m */; };
		BA6BB5321AF0E125002B6530 /* UserData.m in Sources */ = {isa = PBXBuildFile; fileRef = BA6BB5301AF0E125002B6530 /* UserData.m */; };
		BA6BB53A1AF0E2B4002B6530 /* Message.m in Sources */ = {isa = PBXBuildFile; fileRef = BA6BB5381AF0E2B4002B6530 /* Message.m */; };
		BA6BB53D1AF0FCA2002B6530 /* User_UserDataAccess.m in Sources */ = {isa = PBXBuildFile; fileRef = BA6BB53C1AF0FCA2002B6530 /* User_UserDataAccess.m */; };
		BA6BB5401AF1014D002B6530 /* Message_MessageDataAccess.m in Sources */ = {isa = PBXBuildFile; fileRef = BA6BB53F1AF1014D002B6530 /* Message_MessageDataAccess.m */; };
/* End PBXBuildFile section */

/* Begin PBXContainerItemProxy section */
		BA6BB4F61AEFB77D002B6530 /* PBXContainerItemProxy */ = {
			isa = PBXContainerItemProxy;
			containerPortal = BA6BB4D41AEFB77D002B6530 /* Project object */;
			proxyType = 1;
			remoteGlobalIDString = BA6BB4DB1AEFB77D002B6530;
			remoteInfo = IliaIsupovTest;
		};
/* End PBXContainerItemProxy section */

/* Begin PBXFileReference section */
		322A01415E8E78A8B32ADE72 /* libPods-IliaIsupovTest.a */ = {isa = PBXFileReference; explicitFileType = archive.ar; includeInIndex = 0; path = "libPods-IliaIsupovTest.a"; sourceTree = BUILT_PRODUCTS_DIR; };
		7F1A2D8AD8CC337E9183CF8B /* Pods-IliaIsupovTest.debug.xcconfig */ = {isa = PBXFileReference; includeInIndex = 1; lastKnownFileType = text.xcconfig; name = "Pods-IliaIsupovTest.debug.xcconfig"; path = "Pods/Target Support Files/Pods-IliaIsupovTest/Pods-IliaIsupovTest.debug.xcconfig"; sourceTree = "<group>"; };
		8C8D235CF32BD7500EB6F07F /* Pods-IliaIsupovTest.release.xcconfig */ = {isa = PBXFileReference; includeInIndex = 1; lastKnownFileType = text.xcconfig; name = "Pods-IliaIsupovTest.release.xcconfig"; path = "Pods/Target Support Files/Pods-IliaIsupovTest/Pods-IliaIsupovTest.release.xcconfig"; sourceTree = "<group>"; };
		BA6BB4DC1AEFB77D002B6530 /* IliaIsupovTest.app */ = {isa = PBXFileReference; explicitFileType = wrapper.application; includeInIndex = 0; path = IliaIsupovTest.app; sourceTree = BUILT_PRODUCTS_DIR; };
		BA6BB4E01AEFB77D002B6530 /* Info.plist */ = {isa = PBXFileReference; lastKnownFileType = text.plist.xml; path = Info.plist; sourceTree = "<group>"; };
		BA6BB4E11AEFB77D002B6530 /* main.m */ = {isa = PBXFileReference; lastKnownFileType = sourcecode.c.objc; path = main.m; sourceTree = "<group>"; };
		BA6BB4E31AEFB77D002B6530 /* AppDelegate.h */ = {isa = PBXFileReference; lastKnownFileType = sourcecode.c.h; path = AppDelegate.h; sourceTree = "<group>"; };
		BA6BB4E41AEFB77D002B6530 /* AppDelegate.m */ = {isa = PBXFileReference; lastKnownFileType = sourcecode.c.objc; path = AppDelegate.m; sourceTree = "<group>"; };
		BA6BB4EA1AEFB77D002B6530 /* Base */ = {isa = PBXFileReference; lastKnownFileType = file.storyboard; name = Base; path = Base.lproj/Main.storyboard; sourceTree = "<group>"; };
		BA6BB4EC1AEFB77D002B6530 /* Images.xcassets */ = {isa = PBXFileReference; lastKnownFileType = folder.assetcatalog; path = Images.xcassets; sourceTree = "<group>"; };
		BA6BB4EF1AEFB77D002B6530 /* Base */ = {isa = PBXFileReference; lastKnownFileType = file.xib; name = Base; path = Base.lproj/LaunchScreen.xib; sourceTree = "<group>"; };
		BA6BB4F51AEFB77D002B6530 /* IliaIsupovTestTests.xctest */ = {isa = PBXFileReference; explicitFileType = wrapper.cfbundle; includeInIndex = 0; path = IliaIsupovTestTests.xctest; sourceTree = BUILT_PRODUCTS_DIR; };
		BA6BB4FA1AEFB77E002B6530 /* Info.plist */ = {isa = PBXFileReference; lastKnownFileType = text.plist.xml; path = Info.plist; sourceTree = "<group>"; };
		BA6BB4FB1AEFB77E002B6530 /* IliaIsupovTestTests.m */ = {isa = PBXFileReference; lastKnownFileType = sourcecode.c.objc; path = IliaIsupovTestTests.m; sourceTree = "<group>"; };
		BA6BB5081AEFD125002B6530 /* MainViewController.h */ = {isa = PBXFileReference; fileEncoding = 4; lastKnownFileType = sourcecode.c.h; path = MainViewController.h; sourceTree = "<group>"; };
		BA6BB5091AEFD125002B6530 /* MainViewController.m */ = {isa = PBXFileReference; fileEncoding = 4; lastKnownFileType = sourcecode.c.objc; path = MainViewController.m; sourceTree = "<group>"; };
		BA6BB50D1AEFD4C6002B6530 /* ChatDataModel.xcdatamodel */ = {isa = PBXFileReference; lastKnownFileType = wrapper.xcdatamodel; path = ChatDataModel.xcdatamodel; sourceTree = "<group>"; };
		BA6BB5191AEFDDAB002B6530 /* User.h */ = {isa = PBXFileReference; fileEncoding = 4; lastKnownFileType = sourcecode.c.h; path = User.h; sourceTree = "<group>"; };
		BA6BB51A1AEFDDAB002B6530 /* User.m */ = {isa = PBXFileReference; fileEncoding = 4; lastKnownFileType = sourcecode.c.objc; path = User.m; sourceTree = "<group>"; };
		BA6BB51E1AEFE33A002B6530 /* Conversation.h */ = {isa = PBXFileReference; fileEncoding = 4; lastKnownFileType = sourcecode.c.h; path = Conversation.h; sourceTree = "<group>"; };
		BA6BB51F1AEFE33A002B6530 /* Conversation.m */ = {isa = PBXFileReference; fileEncoding = 4; lastKnownFileType = sourcecode.c.objc; path = Conversation.m; sourceTree = "<group>"; };
		BA6BB52C1AF0E125002B6530 /* MessageData.h */ = {isa = PBXFileReference; fileEncoding = 4; lastKnownFileType = sourcecode.c.h; path = MessageData.h; sourceTree = "<group>"; };
		BA6BB52D1AF0E125002B6530 /* MessageData.m */ = {isa = PBXFileReference; fileEncoding = 4; lastKnownFileType = sourcecode.c.objc; path = MessageData.m; sourceTree = "<group>"; };
		BA6BB52F1AF0E125002B6530 /* UserData.h */ = {isa = PBXFileReference; fileEncoding = 4; lastKnownFileType = sourcecode.c.h; path = UserData.h; sourceTree = "<group>"; };
		BA6BB5301AF0E125002B6530 /* UserData.m */ = {isa = PBXFileReference; fileEncoding = 4; lastKnownFileType = sourcecode.c.objc; path = UserData.m; sourceTree = "<group>"; };
		BA6BB5371AF0E2B4002B6530 /* Message.h */ = {isa = PBXFileReference; fileEncoding = 4; lastKnownFileType = sourcecode.c.h; path = Message.h; sourceTree = "<group>"; };
		BA6BB5381AF0E2B4002B6530 /* Message.m */ = {isa = PBXFileReference; fileEncoding = 4; lastKnownFileType = sourcecode.c.objc; path = Message.m; sourceTree = "<group>"; };
		BA6BB53B1AF0FCA2002B6530 /* User_UserDataAccess.h */ = {isa = PBXFileReference; fileEncoding = 4; lastKnownFileType = sourcecode.c.h; path = User_UserDataAccess.h; sourceTree = "<group>"; };
		BA6BB53C1AF0FCA2002B6530 /* User_UserDataAccess.m */ = {isa = PBXFileReference; fileEncoding = 4; lastKnownFileType = sourcecode.c.objc; path = User_UserDataAccess.m; sourceTree = "<group>"; };
		BA6BB53E1AF1014D002B6530 /* Message_MessageDataAccess.h */ = {isa = PBXFileReference; fileEncoding = 4; lastKnownFileType = sourcecode.c.h; path = Message_MessageDataAccess.h; sourceTree = "<group>"; };
		BA6BB53F1AF1014D002B6530 /* Message_MessageDataAccess.m */ = {isa = PBXFileReference; fileEncoding = 4; lastKnownFileType = sourcecode.c.objc; path = Message_MessageDataAccess.m; sourceTree = "<group>"; };
/* End PBXFileReference section */

/* Begin PBXFrameworksBuildPhase section */
		BA6BB4D91AEFB77D002B6530 /* Frameworks */ = {
			isa = PBXFrameworksBuildPhase;
			buildActionMask = 2147483647;
			files = (
				6860F5E79C62ABB76D9549E3 /* libPods-IliaIsupovTest.a in Frameworks */,
			);
			runOnlyForDeploymentPostprocessing = 0;
		};
		BA6BB4F21AEFB77D002B6530 /* Frameworks */ = {
			isa = PBXFrameworksBuildPhase;
			buildActionMask = 2147483647;
			files = (
			);
			runOnlyForDeploymentPostprocessing = 0;
		};
/* End PBXFrameworksBuildPhase section */

/* Begin PBXGroup section */
		9CFE15836CC08C17C8FAA669 /* Frameworks */ = {
			isa = PBXGroup;
			children = (
				322A01415E8E78A8B32ADE72 /* libPods-IliaIsupovTest.a */,
			);
			name = Frameworks;
			sourceTree = "<group>";
		};
		BA6BB4D31AEFB77D002B6530 = {
			isa = PBXGroup;
			children = (
				BA6BB4DE1AEFB77D002B6530 /* IliaIsupovTest */,
				BA6BB4F81AEFB77D002B6530 /* IliaIsupovTestTests */,
				BA6BB4DD1AEFB77D002B6530 /* Products */,
				D625569AA9619DE0B040C893 /* Pods */,
				9CFE15836CC08C17C8FAA669 /* Frameworks */,
			);
			sourceTree = "<group>";
		};
		BA6BB4DD1AEFB77D002B6530 /* Products */ = {
			isa = PBXGroup;
			children = (
				BA6BB4DC1AEFB77D002B6530 /* IliaIsupovTest.app */,
				BA6BB4F51AEFB77D002B6530 /* IliaIsupovTestTests.xctest */,
			);
			name = Products;
			sourceTree = "<group>";
		};
		BA6BB4DE1AEFB77D002B6530 /* IliaIsupovTest */ = {
			isa = PBXGroup;
			children = (
				BA6BB50B1AEFD4AF002B6530 /* DataModel */,
				BA6BB5051AEFD10A002B6530 /* Controllers */,
				BA6BB5061AEFD10A002B6530 /* Models */,
				BA6BB4E31AEFB77D002B6530 /* AppDelegate.h */,
				BA6BB4E41AEFB77D002B6530 /* AppDelegate.m */,
				BA6BB4E91AEFB77D002B6530 /* Main.storyboard */,
				BA6BB4EC1AEFB77D002B6530 /* Images.xcassets */,
				BA6BB4EE1AEFB77D002B6530 /* LaunchScreen.xib */,
				BA6BB4DF1AEFB77D002B6530 /* Supporting Files */,
			);
			path = IliaIsupovTest;
			sourceTree = "<group>";
		};
		BA6BB4DF1AEFB77D002B6530 /* Supporting Files */ = {
			isa = PBXGroup;
			children = (
				BA6BB4E01AEFB77D002B6530 /* Info.plist */,
				BA6BB4E11AEFB77D002B6530 /* main.m */,
			);
			name = "Supporting Files";
			sourceTree = "<group>";
		};
		BA6BB4F81AEFB77D002B6530 /* IliaIsupovTestTests */ = {
			isa = PBXGroup;
			children = (
				BA6BB4FB1AEFB77E002B6530 /* IliaIsupovTestTests.m */,
				BA6BB4F91AEFB77E002B6530 /* Supporting Files */,
			);
			path = IliaIsupovTestTests;
			sourceTree = "<group>";
		};
		BA6BB4F91AEFB77E002B6530 /* Supporting Files */ = {
			isa = PBXGroup;
			children = (
				BA6BB4FA1AEFB77E002B6530 /* Info.plist */,
			);
			name = "Supporting Files";
			sourceTree = "<group>";
		};
		BA6BB5051AEFD10A002B6530 /* Controllers */ = {
			isa = PBXGroup;
			children = (
				BA6BB5071AEFD125002B6530 /* MainViewController */,
			);
			path = Controllers;
			sourceTree = "<group>";
		};
		BA6BB5061AEFD10A002B6530 /* Models */ = {
			isa = PBXGroup;
			children = (
				BA6BB5331AF0E2B4002B6530 /* Messages */,
				BA6BB5241AF0DF5A002B6530 /* CoreData */,
				BA6BB51D1AEFE31D002B6530 /* Conversation */,
				BA6BB5181AEFDDAB002B6530 /* User */,
			);
			path = Models;
			sourceTree = "<group>";
		};
		BA6BB5071AEFD125002B6530 /* MainViewController */ = {
			isa = PBXGroup;
			children = (
				BA6BB5081AEFD125002B6530 /* MainViewController.h */,
				BA6BB5091AEFD125002B6530 /* MainViewController.m */,
			);
			path = MainViewController;
			sourceTree = "<group>";
		};
		BA6BB50B1AEFD4AF002B6530 /* DataModel */ = {
			isa = PBXGroup;
			children = (
				BA6BB50C1AEFD4C6002B6530 /* ChatDataModel.xcdatamodeld */,
			);
			path = DataModel;
			sourceTree = "<group>";
		};
		BA6BB5181AEFDDAB002B6530 /* User */ = {
			isa = PBXGroup;
			children = (
				BA6BB5191AEFDDAB002B6530 /* User.h */,
				BA6BB51A1AEFDDAB002B6530 /* User.m */,
				BA6BB53B1AF0FCA2002B6530 /* User_UserDataAccess.h */,
				BA6BB53C1AF0FCA2002B6530 /* User_UserDataAccess.m */,
			);
			path = User;
			sourceTree = "<group>";
		};
		BA6BB51D1AEFE31D002B6530 /* Conversation */ = {
			isa = PBXGroup;
			children = (
				BA6BB51E1AEFE33A002B6530 /* Conversation.h */,
				BA6BB51F1AEFE33A002B6530 /* Conversation.m */,
			);
			path = Conversation;
			sourceTree = "<group>";
		};
		BA6BB5241AF0DF5A002B6530 /* CoreData */ = {
			isa = PBXGroup;
			children = (
				BA6BB52B1AF0E125002B6530 /* MessageData */,
				BA6BB52E1AF0E125002B6530 /* UserData */,
			);
			path = CoreData;
			sourceTree = "<group>";
		};
		BA6BB52B1AF0E125002B6530 /* MessageData */ = {
			isa = PBXGroup;
			children = (
				BA6BB52C1AF0E125002B6530 /* MessageData.h */,
				BA6BB52D1AF0E125002B6530 /* MessageData.m */,
			);
			path = MessageData;
			sourceTree = "<group>";
		};
		BA6BB52E1AF0E125002B6530 /* UserData */ = {
			isa = PBXGroup;
			children = (
				BA6BB52F1AF0E125002B6530 /* UserData.h */,
				BA6BB5301AF0E125002B6530 /* UserData.m */,
			);
			path = UserData;
			sourceTree = "<group>";
		};
		BA6BB5331AF0E2B4002B6530 /* Messages */ = {
			isa = PBXGroup;
			children = (
				BA6BB5341AF0E2B4002B6530 /* ImageMessage */,
				BA6BB5351AF0E2B4002B6530 /* LocationMessage */,
				BA6BB5361AF0E2B4002B6530 /* Message */,
				BA6BB5391AF0E2B4002B6530 /* TextMessage */,
			);
			path = Messages;
			sourceTree = "<group>";
		};
		BA6BB5341AF0E2B4002B6530 /* ImageMessage */ = {
			isa = PBXGroup;
			children = (
			);
			path = ImageMessage;
			sourceTree = "<group>";
		};
		BA6BB5351AF0E2B4002B6530 /* LocationMessage */ = {
			isa = PBXGroup;
			children = (
			);
			path = LocationMessage;
			sourceTree = "<group>";
		};
		BA6BB5361AF0E2B4002B6530 /* Message */ = {
			isa = PBXGroup;
			children = (
				BA6BB5371AF0E2B4002B6530 /* Message.h */,
				BA6BB5381AF0E2B4002B6530 /* Message.m */,
				BA6BB53E1AF1014D002B6530 /* Message_MessageDataAccess.h */,
				BA6BB53F1AF1014D002B6530 /* Message_MessageDataAccess.m */,
			);
			path = Message;
			sourceTree = "<group>";
		};
		BA6BB5391AF0E2B4002B6530 /* TextMessage */ = {
			isa = PBXGroup;
			children = (
			);
			path = TextMessage;
			sourceTree = "<group>";
		};
		D625569AA9619DE0B040C893 /* Pods */ = {
			isa = PBXGroup;
			children = (
				7F1A2D8AD8CC337E9183CF8B /* Pods-IliaIsupovTest.debug.xcconfig */,
				8C8D235CF32BD7500EB6F07F /* Pods-IliaIsupovTest.release.xcconfig */,
			);
			name = Pods;
			sourceTree = "<group>";
		};
/* End PBXGroup section */

/* Begin PBXNativeTarget section */
		BA6BB4DB1AEFB77D002B6530 /* IliaIsupovTest */ = {
			isa = PBXNativeTarget;
			buildConfigurationList = BA6BB4FF1AEFB77E002B6530 /* Build configuration list for PBXNativeTarget "IliaIsupovTest" */;
			buildPhases = (
				C55A52CB26A2BD7A8A61093C /* Check Pods Manifest.lock */,
				BA6BB4D81AEFB77D002B6530 /* Sources */,
				BA6BB4D91AEFB77D002B6530 /* Frameworks */,
				BA6BB4DA1AEFB77D002B6530 /* Resources */,
				84F58D703A290D708B2AE72F /* Copy Pods Resources */,
			);
			buildRules = (
			);
			dependencies = (
			);
			name = IliaIsupovTest;
			productName = IliaIsupovTest;
			productReference = BA6BB4DC1AEFB77D002B6530 /* IliaIsupovTest.app */;
			productType = "com.apple.product-type.application";
		};
		BA6BB4F41AEFB77D002B6530 /* IliaIsupovTestTests */ = {
			isa = PBXNativeTarget;
			buildConfigurationList = BA6BB5021AEFB77E002B6530 /* Build configuration list for PBXNativeTarget "IliaIsupovTestTests" */;
			buildPhases = (
				BA6BB4F11AEFB77D002B6530 /* Sources */,
				BA6BB4F21AEFB77D002B6530 /* Frameworks */,
				BA6BB4F31AEFB77D002B6530 /* Resources */,
			);
			buildRules = (
			);
			dependencies = (
				BA6BB4F71AEFB77D002B6530 /* PBXTargetDependency */,
			);
			name = IliaIsupovTestTests;
			productName = IliaIsupovTestTests;
			productReference = BA6BB4F51AEFB77D002B6530 /* IliaIsupovTestTests.xctest */;
			productType = "com.apple.product-type.bundle.unit-test";
		};
/* End PBXNativeTarget section */

/* Begin PBXProject section */
		BA6BB4D41AEFB77D002B6530 /* Project object */ = {
			isa = PBXProject;
			attributes = {
				LastUpgradeCheck = 0630;
				ORGANIZATIONNAME = Test;
				TargetAttributes = {
					BA6BB4DB1AEFB77D002B6530 = {
						CreatedOnToolsVersion = 6.3.1;
					};
					BA6BB4F41AEFB77D002B6530 = {
						CreatedOnToolsVersion = 6.3.1;
						TestTargetID = BA6BB4DB1AEFB77D002B6530;
					};
				};
			};
			buildConfigurationList = BA6BB4D71AEFB77D002B6530 /* Build configuration list for PBXProject "IliaIsupovTest" */;
			compatibilityVersion = "Xcode 3.2";
			developmentRegion = English;
			hasScannedForEncodings = 0;
			knownRegions = (
				en,
				Base,
			);
			mainGroup = BA6BB4D31AEFB77D002B6530;
			productRefGroup = BA6BB4DD1AEFB77D002B6530 /* Products */;
			projectDirPath = "";
			projectRoot = "";
			targets = (
				BA6BB4DB1AEFB77D002B6530 /* IliaIsupovTest */,
				BA6BB4F41AEFB77D002B6530 /* IliaIsupovTestTests */,
			);
		};
/* End PBXProject section */

/* Begin PBXResourcesBuildPhase section */
		BA6BB4DA1AEFB77D002B6530 /* Resources */ = {
			isa = PBXResourcesBuildPhase;
			buildActionMask = 2147483647;
			files = (
				BA6BB4EB1AEFB77D002B6530 /* Main.storyboard in Resources */,
				BA6BB4F01AEFB77D002B6530 /* LaunchScreen.xib in Resources */,
				BA6BB4ED1AEFB77D002B6530 /* Images.xcassets in Resources */,
			);
			runOnlyForDeploymentPostprocessing = 0;
		};
		BA6BB4F31AEFB77D002B6530 /* Resources */ = {
			isa = PBXResourcesBuildPhase;
			buildActionMask = 2147483647;
			files = (
			);
			runOnlyForDeploymentPostprocessing = 0;
		};
/* End PBXResourcesBuildPhase section */

/* Begin PBXShellScriptBuildPhase section */
		84F58D703A290D708B2AE72F /* Copy Pods Resources */ = {
			isa = PBXShellScriptBuildPhase;
			buildActionMask = 2147483647;
			files = (
			);
			inputPaths = (
			);
			name = "Copy Pods Resources";
			outputPaths = (
			);
			runOnlyForDeploymentPostprocessing = 0;
			shellPath = /bin/sh;
			shellScript = "\"${SRCROOT}/Pods/Target Support Files/Pods-IliaIsupovTest/Pods-IliaIsupovTest-resources.sh\"\n";
			showEnvVarsInLog = 0;
		};
		C55A52CB26A2BD7A8A61093C /* Check Pods Manifest.lock */ = {
			isa = PBXShellScriptBuildPhase;
			buildActionMask = 2147483647;
			files = (
			);
			inputPaths = (
			);
			name = "Check Pods Manifest.lock";
			outputPaths = (
			);
			runOnlyForDeploymentPostprocessing = 0;
			shellPath = /bin/sh;
			shellScript = "diff \"${PODS_ROOT}/../Podfile.lock\" \"${PODS_ROOT}/Manifest.lock\" > /dev/null\nif [[ $? != 0 ]] ; then\n    cat << EOM\nerror: The sandbox is not in sync with the Podfile.lock. Run 'pod install' or update your CocoaPods installation.\nEOM\n    exit 1\nfi\n";
			showEnvVarsInLog = 0;
		};
/* End PBXShellScriptBuildPhase section */

/* Begin PBXSourcesBuildPhase section */
		BA6BB4D81AEFB77D002B6530 /* Sources */ = {
			isa = PBXSourcesBuildPhase;
			buildActionMask = 2147483647;
			files = (
				BA6BB5311AF0E125002B6530 /* MessageData.m in Sources */,
				BA6BB50A1AEFD125002B6530 /* MainViewController.m in Sources */,
				BA6BB50E1AEFD4C6002B6530 /* ChatDataModel.xcdatamodeld in Sources */,
				BA6BB51C1AEFDDAB002B6530 /* User.m in Sources */,
				BA6BB4E51AEFB77D002B6530 /* AppDelegate.m in Sources */,
				BA6BB5401AF1014D002B6530 /* Message_MessageDataAccess.m in Sources */,
				BA6BB53D1AF0FCA2002B6530 /* User_UserDataAccess.m in Sources */,
				BA6BB4E21AEFB77D002B6530 /* main.m in Sources */,
				BA6BB5201AEFE33A002B6530 /* Conversation.m in Sources */,
				BA6BB53A1AF0E2B4002B6530 /* Message.m in Sources */,
				BA6BB5321AF0E125002B6530 /* UserData.m in Sources */,
			);
			runOnlyForDeploymentPostprocessing = 0;
		};
		BA6BB4F11AEFB77D002B6530 /* Sources */ = {
			isa = PBXSourcesBuildPhase;
			buildActionMask = 2147483647;
			files = (
				BA6BB4FC1AEFB77E002B6530 /* IliaIsupovTestTests.m in Sources */,
			);
			runOnlyForDeploymentPostprocessing = 0;
		};
/* End PBXSourcesBuildPhase section */

/* Begin PBXTargetDependency section */
		BA6BB4F71AEFB77D002B6530 /* PBXTargetDependency */ = {
			isa = PBXTargetDependency;
			target = BA6BB4DB1AEFB77D002B6530 /* IliaIsupovTest */;
			targetProxy = BA6BB4F61AEFB77D002B6530 /* PBXContainerItemProxy */;
		};
/* End PBXTargetDependency section */

/* Begin PBXVariantGroup section */
		BA6BB4E91AEFB77D002B6530 /* Main.storyboard */ = {
			isa = PBXVariantGroup;
			children = (
				BA6BB4EA1AEFB77D002B6530 /* Base */,
			);
			name = Main.storyboard;
			sourceTree = "<group>";
		};
		BA6BB4EE1AEFB77D002B6530 /* LaunchScreen.xib */ = {
			isa = PBXVariantGroup;
			children = (
				BA6BB4EF1AEFB77D002B6530 /* Base */,
			);
			name = LaunchScreen.xib;
			sourceTree = "<group>";
		};
/* End PBXVariantGroup section */

/* Begin XCBuildConfiguration section */
		BA6BB4FD1AEFB77E002B6530 /* Debug */ = {
			isa = XCBuildConfiguration;
			buildSettings = {
				ALWAYS_SEARCH_USER_PATHS = NO;
				CLANG_CXX_LANGUAGE_STANDARD = "gnu++0x";
				CLANG_CXX_LIBRARY = "libc++";
				CLANG_ENABLE_MODULES = YES;
				CLANG_ENABLE_OBJC_ARC = YES;
				CLANG_WARN_BOOL_CONVERSION = YES;
				CLANG_WARN_CONSTANT_CONVERSION = YES;
				CLANG_WARN_DIRECT_OBJC_ISA_USAGE = YES_ERROR;
				CLANG_WARN_EMPTY_BODY = YES;
				CLANG_WARN_ENUM_CONVERSION = YES;
				CLANG_WARN_INT_CONVERSION = YES;
				CLANG_WARN_OBJC_ROOT_CLASS = YES_ERROR;
				CLANG_WARN_UNREACHABLE_CODE = YES;
				CLANG_WARN__DUPLICATE_METHOD_MATCH = YES;
				"CODE_SIGN_IDENTITY[sdk=iphoneos*]" = "iPhone Developer";
				COPY_PHASE_STRIP = NO;
				DEBUG_INFORMATION_FORMAT = "dwarf-with-dsym";
				ENABLE_STRICT_OBJC_MSGSEND = YES;
				GCC_C_LANGUAGE_STANDARD = gnu99;
				GCC_DYNAMIC_NO_PIC = NO;
				GCC_NO_COMMON_BLOCKS = YES;
				GCC_OPTIMIZATION_LEVEL = 0;
				GCC_PREPROCESSOR_DEFINITIONS = (
					"DEBUG=1",
					"$(inherited)",
				);
				GCC_SYMBOLS_PRIVATE_EXTERN = NO;
				GCC_WARN_64_TO_32_BIT_CONVERSION = YES;
				GCC_WARN_ABOUT_RETURN_TYPE = YES_ERROR;
				GCC_WARN_UNDECLARED_SELECTOR = YES;
				GCC_WARN_UNINITIALIZED_AUTOS = YES_AGGRESSIVE;
				GCC_WARN_UNUSED_FUNCTION = YES;
				GCC_WARN_UNUSED_VARIABLE = YES;
				IPHONEOS_DEPLOYMENT_TARGET = 8.3;
				MTL_ENABLE_DEBUG_INFO = YES;
				ONLY_ACTIVE_ARCH = YES;
				SDKROOT = iphoneos;
				TARGETED_DEVICE_FAMILY = "1,2";
			};
			name = Debug;
		};
		BA6BB4FE1AEFB77E002B6530 /* Release */ = {
			isa = XCBuildConfiguration;
			buildSettings = {
				ALWAYS_SEARCH_USER_PATHS = NO;
				CLANG_CXX_LANGUAGE_STANDARD = "gnu++0x";
				CLANG_CXX_LIBRARY = "libc++";
				CLANG_ENABLE_MODULES = YES;
				CLANG_ENABLE_OBJC_ARC = YES;
				CLANG_WARN_BOOL_CONVERSION = YES;
				CLANG_WARN_CONSTANT_CONVERSION = YES;
				CLANG_WARN_DIRECT_OBJC_ISA_USAGE = YES_ERROR;
				CLANG_WARN_EMPTY_BODY = YES;
				CLANG_WARN_ENUM_CONVERSION = YES;
				CLANG_WARN_INT_CONVERSION = YES;
				CLANG_WARN_OBJC_ROOT_CLASS = YES_ERROR;
				CLANG_WARN_UNREACHABLE_CODE = YES;
				CLANG_WARN__DUPLICATE_METHOD_MATCH = YES;
				"CODE_SIGN_IDENTITY[sdk=iphoneos*]" = "iPhone Developer";
				COPY_PHASE_STRIP = NO;
				DEBUG_INFORMATION_FORMAT = "dwarf-with-dsym";
				ENABLE_NS_ASSERTIONS = NO;
				ENABLE_STRICT_OBJC_MSGSEND = YES;
				GCC_C_LANGUAGE_STANDARD = gnu99;
				GCC_NO_COMMON_BLOCKS = YES;
				GCC_WARN_64_TO_32_BIT_CONVERSION = YES;
				GCC_WARN_ABOUT_RETURN_TYPE = YES_ERROR;
				GCC_WARN_UNDECLARED_SELECTOR = YES;
				GCC_WARN_UNINITIALIZED_AUTOS = YES_AGGRESSIVE;
				GCC_WARN_UNUSED_FUNCTION = YES;
				GCC_WARN_UNUSED_VARIABLE = YES;
				IPHONEOS_DEPLOYMENT_TARGET = 8.3;
				MTL_ENABLE_DEBUG_INFO = NO;
				SDKROOT = iphoneos;
				TARGETED_DEVICE_FAMILY = "1,2";
				VALIDATE_PRODUCT = YES;
			};
			name = Release;
		};
		BA6BB5001AEFB77E002B6530 /* Debug */ = {
			isa = XCBuildConfiguration;
			baseConfigurationReference = 7F1A2D8AD8CC337E9183CF8B /* Pods-IliaIsupovTest.debug.xcconfig */;
			buildSettings = {
				ASSETCATALOG_COMPILER_APPICON_NAME = AppIcon;
				INFOPLIST_FILE = IliaIsupovTest/Info.plist;
				LD_RUNPATH_SEARCH_PATHS = "$(inherited) @executable_path/Frameworks";
				PRODUCT_NAME = "$(TARGET_NAME)";
			};
			name = Debug;
		};
		BA6BB5011AEFB77E002B6530 /* Release */ = {
			isa = XCBuildConfiguration;
			baseConfigurationReference = 8C8D235CF32BD7500EB6F07F /* Pods-IliaIsupovTest.release.xcconfig */;
			buildSettings = {
				ASSETCATALOG_COMPILER_APPICON_NAME = AppIcon;
				INFOPLIST_FILE = IliaIsupovTest/Info.plist;
				LD_RUNPATH_SEARCH_PATHS = "$(inherited) @executable_path/Frameworks";
				PRODUCT_NAME = "$(TARGET_NAME)";
			};
			name = Release;
		};
		BA6BB5031AEFB77E002B6530 /* Debug */ = {
			isa = XCBuildConfiguration;
			buildSettings = {
				BUNDLE_LOADER = "$(TEST_HOST)";
				FRAMEWORK_SEARCH_PATHS = (
					"$(SDKROOT)/Developer/Library/Frameworks",
					"$(inherited)",
				);
				GCC_PREPROCESSOR_DEFINITIONS = (
					"DEBUG=1",
					"$(inherited)",
				);
				INFOPLIST_FILE = IliaIsupovTestTests/Info.plist;
				LD_RUNPATH_SEARCH_PATHS = "$(inherited) @executable_path/Frameworks @loader_path/Frameworks";
				PRODUCT_NAME = "$(TARGET_NAME)";
				TEST_HOST = "$(BUILT_PRODUCTS_DIR)/IliaIsupovTest.app/IliaIsupovTest";
			};
			name = Debug;
		};
		BA6BB5041AEFB77E002B6530 /* Release */ = {
			isa = XCBuildConfiguration;
			buildSettings = {
				BUNDLE_LOADER = "$(TEST_HOST)";
				FRAMEWORK_SEARCH_PATHS = (
					"$(SDKROOT)/Developer/Library/Frameworks",
					"$(inherited)",
				);
				INFOPLIST_FILE = IliaIsupovTestTests/Info.plist;
				LD_RUNPATH_SEARCH_PATHS = "$(inherited) @executable_path/Frameworks @loader_path/Frameworks";
				PRODUCT_NAME = "$(TARGET_NAME)";
				TEST_HOST = "$(BUILT_PRODUCTS_DIR)/IliaIsupovTest.app/IliaIsupovTest";
			};
			name = Release;
		};
/* End XCBuildConfiguration section */

/* Begin XCConfigurationList section */
		BA6BB4D71AEFB77D002B6530 /* Build configuration list for PBXProject "IliaIsupovTest" */ = {
			isa = XCConfigurationList;
			buildConfigurations = (
				BA6BB4FD1AEFB77E002B6530 /* Debug */,
				BA6BB4FE1AEFB77E002B6530 /* Release */,
			);
			defaultConfigurationIsVisible = 0;
			defaultConfigurationName = Release;
		};
		BA6BB4FF1AEFB77E002B6530 /* Build configuration list for PBXNativeTarget "IliaIsupovTest" */ = {
			isa = XCConfigurationList;
			buildConfigurations = (
				BA6BB5001AEFB77E002B6530 /* Debug */,
				BA6BB5011AEFB77E002B6530 /* Release */,
			);
			defaultConfigurationIsVisible = 0;
			defaultConfigurationName = Release;
		};
		BA6BB5021AEFB77E002B6530 /* Build configuration list for PBXNativeTarget "IliaIsupovTestTests" */ = {
			isa = XCConfigurationList;
			buildConfigurations = (
				BA6BB5031AEFB77E002B6530 /* Debug */,
				BA6BB5041AEFB77E002B6530 /* Release */,
			);
			defaultConfigurationIsVisible = 0;
			defaultConfigurationName = Release;
		};
/* End XCConfigurationList section */

/* Begin XCVersionGroup section */
		BA6BB50C1AEFD4C6002B6530 /* ChatDataModel.xcdatamodeld */ = {
			isa = XCVersionGroup;
			children = (
				BA6BB50D1AEFD4C6002B6530 /* ChatDataModel.xcdatamodel */,
			);
			currentVersion = BA6BB50D1AEFD4C6002B6530 /* ChatDataModel.xcdatamodel */;
			path = ChatDataModel.xcdatamodeld;
			sourceTree = "<group>";
			versionGroupType = wrapper.xcdatamodel;
		};
/* End XCVersionGroup section */
	};
	rootObject = BA6BB4D41AEFB77D002B6530 /* Project object */;
}
